
Microsoft Visual Studio Solution File, Format Version 12.00
# Visual Studio Version 17
VisualStudioVersion = 17.11.35312.102
MinimumVisualStudioVersion = 10.0.40219.1
Project("{8BC9CEB8-8B4A-11D0-8D11-00A0C91BC942}") = "SimpleFTP", "SimpleFTP.vcxproj", "{B695CD6B-32CE-4D34-A021-7AAAE7C5DAA5}"
EndProject
Project("{8BC9CEB8-8B4A-11D0-8D11-00A0C91BC942}") = "SimpleLog", "SimpleLog\SimpleLog.vcxproj", "{902A7C2B-08E0-45EE-A993-BC06E4636C01}"
EndProject
Global
	GlobalSection(SolutionConfigurationPlatforms) = preSolution
		Debug|x64 = Debug|x64
		Debug|x86 = Debug|x86
		Release|x64 = Release|x64
		Release|x86 = Release|x86
	EndGlobalSection
	GlobalSection(ProjectConfigurationPlatforms) = postSolution
		{B695CD6B-32CE-4D34-A021-7AAAE7C5DAA5}.Debug|x64.ActiveCfg = Debug|x64
		{B695CD6B-32CE-4D34-A021-7AAAE7C5DAA5}.Debug|x64.Build.0 = Debug|x64
		{B695CD6B-32CE-4D34-A021-7AAAE7C5DAA5}.Debug|x86.ActiveCfg = Debug|Win32
		{B695CD6B-32CE-4D34-A021-7AAAE7C5DAA5}.Debug|x86.Build.0 = Debug|Win32
		{B695CD6B-32CE-4D34-A021-7AAAE7C5DAA5}.Release|x64.ActiveCfg = Release|x64
		{B695CD6B-32CE-4D34-A021-7AAAE7C5DAA5}.Release|x64.Build.0 = Release|x64
		{B695CD6B-32CE-4D34-A021-7AAAE7C5DAA5}.Release|x86.ActiveCfg = Release|Win32
		{B695CD6B-32CE-4D34-A021-7AAAE7C5DAA5}.Release|x86.Build.0 = Release|Win32
		{902A7C2B-08E0-45EE-A993-BC06E4636C01}.Debug|x64.ActiveCfg = Debug|x64
		{902A7C2B-08E0-45EE-A993-BC06E4636C01}.Debug|x64.Build.0 = Debug|x64
		{902A7C2B-08E0-45EE-A993-BC06E4636C01}.Debug|x86.ActiveCfg = Debug|Win32
		{902A7C2B-08E0-45EE-A993-BC06E4636C01}.Debug|x86.Build.0 = Debug|Win32
		{902A7C2B-08E0-45EE-A993-BC06E4636C01}.Release|x64.ActiveCfg = Release|x64
		{902A7C2B-08E0-45EE-A993-BC06E4636C01}.Release|x64.Build.0 = Release|x64
		{902A7C2B-08E0-45EE-A993-BC06E4636C01}.Release|x86.ActiveCfg = Release|Win32
		{902A7C2B-08E0-45EE-A993-BC06E4636C01}.Release|x86.Build.0 = Release|Win32
	EndGlobalSection
	GlobalSection(SolutionProperties) = preSolution
		HideSolutionNode = FALSE
	EndGlobalSection
	GlobalSection(ExtensibilityGlobals) = postSolution
		SolutionGuid = {BD2A2393-064B-477D-B5A1-05BF77A65130}
	EndGlobalSection
EndGlobal
